Microsoft Visual Studio Solution File, Format Version 11.00
# Visual Studio 2008

Project("{A94EAE78-14E1-82F7-5949-332C86C50E77}") = "DynamicMapControll", "Assembly-CSharp-firstpass.csproj", "{1525CFCF-0F3D-13CD-82CB-4B1FA3F24975}"
EndProject
Project("{A94EAE78-14E1-82F7-5949-332C86C50E77}") = "DynamicMapControll", "Assembly-CSharp.csproj", "{B8EC99FF-9ABF-5425-2404-A074D6966772}"
EndProject
Project("{A94EAE78-14E1-82F7-5949-332C86C50E77}") = "DynamicMapControll", "Assembly-UnityScript-firstpass.unityproj", "{D080EBF9-FD1F-A40A-0927-6A2F210D6676}"
EndProject
Global
	GlobalSection(SolutionConfigurationPlatforms) = preSolution
		Debug|Any CPU = Debug|Any CPU
		Release|Any CPU = Release|Any CPU
	EndGlobalSection
	GlobalSection(ProjectConfigurationPlatforms) = postSolution
		{1525CFCF-0F3D-13CD-82CB-4B1FA3F24975}.Debug|Any CPU.ActiveCfg = Debug|Any CPU
		{1525CFCF-0F3D-13CD-82CB-4B1FA3F24975}.Debug|Any CPU.Build.0 = Debug|Any CPU
		{1525CFCF-0F3D-13CD-82CB-4B1FA3F24975}.Release|Any CPU.ActiveCfg = Release|Any CPU
		{1525CFCF-0F3D-13CD-82CB-4B1FA3F24975}.Release|Any CPU.Build.0 = Release|Any CPU
		{B8EC99FF-9ABF-5425-2404-A074D6966772}.Debug|Any CPU.ActiveCfg = Debug|Any CPU
		{B8EC99FF-9ABF-5425-2404-A074D6966772}.Debug|Any CPU.Build.0 = Debug|Any CPU
		{B8EC99FF-9ABF-5425-2404-A074D6966772}.Release|Any CPU.ActiveCfg = Release|Any CPU
		{B8EC99FF-9ABF-5425-2404-A074D6966772}.Release|Any CPU.Build.0 = Release|Any CPU
		{D080EBF9-FD1F-A40A-0927-6A2F210D6676}.Debug|Any CPU.ActiveCfg = Debug|Any CPU
		{D080EBF9-FD1F-A40A-0927-6A2F210D6676}.Debug|Any CPU.Build.0 = Debug|Any CPU
		{D080EBF9-FD1F-A40A-0927-6A2F210D6676}.Release|Any CPU.ActiveCfg = Release|Any CPU
		{D080EBF9-FD1F-A40A-0927-6A2F210D6676}.Release|Any CPU.Build.0 = Release|Any CPU
	EndGlobalSection
	GlobalSection(SolutionProperties) = preSolution
		HideSolutionNode = FALSE
	EndGlobalSection
			GlobalSection(MonoDevelopProperties) = preSolution
		StartupItem = Assembly-CSharp.csproj
		Policies = $0
		$0.TextStylePolicy = $1
		$1.inheritsSet = null
		$1.scope = text/x-csharp
		$0.CSharpFormattingPolicy = $2
		$2.inheritsSet = Mono
		$2.inheritsScope = text/x-csharp
		$2.scope = text/x-csharp
		$0.TextStylePolicy = $3
		$3.FileWidth = 120
		$3.TabWidth = 4
		$3.EolMarker = Unix
		$3.inheritsSet = Mono
		$3.inheritsScope = text/plain
		$3.scope = text/plain
	EndGlobalSection

EndGlobal
